
Microsoft Visual Studio Solution File, Format Version 12.00
# Visual Studio 15
VisualStudioVersion = 15.0.28307.168
MinimumVisualStudioVersion = 10.0.40219.1
Project("{FAE04EC0-301F-11D3-BF4B-00C04F79EFBC}") = "İpChanger", "İpChanger\İpChanger.csproj", "{D505BADD-8A61-48AF-AE95-D206EA4CE738}"
EndProject
Global
	GlobalSection(SolutionConfigurationPlatforms) = preSolution
		Debug|Any CPU = Debug|Any CPU
		Release|Any CPU = Release|Any CPU
	EndGlobalSection
	GlobalSection(ProjectConfigurationPlatforms) = postSolution
		{D505BADD-8A61-48AF-AE95-D206EA4CE738}.Debug|Any CPU.ActiveCfg = Debug|Any CPU
		{D505BADD-8A61-48AF-AE95-D206EA4CE738}.Debug|Any CPU.Build.0 = Debug|Any CPU
		{D505BADD-8A61-48AF-AE95-D206EA4CE738}.Release|Any CPU.ActiveCfg = Release|Any CPU
		{D505BADD-8A61-48AF-AE95-D206EA4CE738}.Release|Any CPU.Build.0 = Release|Any CPU
	EndGlobalSection
	GlobalSection(SolutionProperties) = preSolution
		HideSolutionNode = FALSE
	EndGlobalSection
	GlobalSection(ExtensibilityGlobals) = postSolution
		SolutionGuid = {0E2C7BBB-7971-45C6-8099-A269B8C40A5F}
	EndGlobalSection
EndGlobal
